<?xml version="1.0" encoding="utf-8"?>
<Project ToolsVersion="4.0" xmlns="http://schemas.microsoft.com/developer/msbuild/2003">
  <ItemGroup>
    <Filter Include="Chanel">
      <UniqueIdentifier>{70ADB9AB-5C4F-E481-450A-F8D5314B6BD2}</UniqueIdentifier>
    </Filter>
  </ItemGroup>
  <ItemGroup>
    <ClInclude Include="src\Chanel.h" />
    <ClInclude Include="src\Chanel\Application.h">
      <Filter>Chanel</Filter>
    </ClInclude>
    <ClInclude Include="src\Chanel\Core.h">
      <Filter>Chanel</Filter>
    </ClInclude>
    <ClInclude Include="src\Chanel\EntryPoint.h">
      <Filter>Chanel</Filter>
    </ClInclude>
    <ClInclude Include="src\Chanel\Log.h">
      <Filter>Chanel</Filter>
    </ClInclude>
  </ItemGroup>
  <ItemGroup>
    <ClCompile Include="src\Chanel\Application.cpp">
      <Filter>Chanel</Filter>
    </ClCompile>
    <ClCompile Include="src\Chanel\Log.cpp">
      <Filter>Chanel</Filter>
    </ClCompile>
  </ItemGroup>
</Project>